// !$*UTF8*$!
{
	archiveVersion = 1;
	classes = {
	};
	objectVersion = 46;
	objects = {

/* Begin PBXBuildFile section */
		7F2100581ECA2DD80034A100 /* main.m in Sources */ = {isa = PBXBuildFile; fileRef = 7F2100571ECA2DD80034A100 /* main.m */; };
		7F21005B1ECA2DD80034A100 /* AppDelegate.m in Sources */ = {isa = PBXBuildFile; fileRef = 7F21005A1ECA2DD80034A100 /* AppDelegate.m */; };
		7F2100611ECA2DD80034A100 /* Main.storyboard in Resources */ = {isa = PBXBuildFile; fileRef = 7F21005F1ECA2DD80034A100 /* Main.storyboard */; };
		7F2100631ECA2DD80034A100 /* Assets.xcassets in Resources */ = {isa = PBXBuildFile; fileRef = 7F2100621ECA2DD80034A100 /* Assets.xcassets */; };
		7F2100661ECA2DD80034A100 /* LaunchScreen.storyboard in Resources */ = {isa = PBXBuildFile; fileRef = 7F2100641ECA2DD80034A100 /* LaunchScreen.storyboard */; };
		7F21006F1ECA2E360034A100 /* HomeViewController.m in Sources */ = {isa = PBXBuildFile; fileRef = 7F21006E1ECA2E360034A100 /* HomeViewController.m */; };
		7F2100751ECA2EAD0034A100 /* User.m in Sources */ = {isa = PBXBuildFile; fileRef = 7F2100741ECA2EAD0034A100 /* User.m */; };
/* End PBXBuildFile section */

/* Begin PBXFileReference section */
		7F2100531ECA2DD80034A100 /* businessTime.app */ = {isa = PBXFileReference; explicitFileType = wrapper.application; includeInIndex = 0; path = businessTime.app; sourceTree = BUILT_PRODUCTS_DIR; };
		7F2100571ECA2DD80034A100 /* main.m */ = {isa = PBXFileReference; lastKnownFileType = sourcecode.c.objc; path = main.m; sourceTree = "<group>"; };
		7F2100591ECA2DD80034A100 /* AppDelegate.h */ = {isa = PBXFileReference; lastKnownFileType = sourcecode.c.h; path = AppDelegate.h; sourceTree = "<group>"; };
		7F21005A1ECA2DD80034A100 /* AppDelegate.m */ = {isa = PBXFileReference; lastKnownFileType = sourcecode.c.objc; path = AppDelegate.m; sourceTree = "<group>"; };
		7F2100601ECA2DD80034A100 /* Base */ = {isa = PBXFileReference; lastKnownFileType = file.storyboard; name = Base; path = Base.lproj/Main.storyboard; sourceTree = "<group>"; };
		7F2100621ECA2DD80034A100 /* Assets.xcassets */ = {isa = PBXFileReference; lastKnownFileType = folder.assetcatalog; path = Assets.xcassets; sourceTree = "<group>"; };
		7F2100651ECA2DD80034A100 /* Base */ = {isa = PBXFileReference; lastKnownFileType = file.storyboard; name = Base; path = Base.lproj/LaunchScreen.storyboard; sourceTree = "<group>"; };
		7F2100671ECA2DD80034A100 /* Info.plist */ = {isa = PBXFileReference; lastKnownFileType = text.plist.xml; path = Info.plist; sourceTree = "<group>"; };
		7F21006D1ECA2E360034A100 /* HomeViewController.h */ = {isa = PBXFileReference; fileEncoding = 4; lastKnownFileType = sourcecode.c.h; path = HomeViewController.h; sourceTree = "<group>"; };
		7F21006E1ECA2E360034A100 /* HomeViewController.m */ = {isa = PBXFileReference; fileEncoding = 4; lastKnownFileType = sourcecode.c.objc; path = HomeViewController.m; sourceTree = "<group>"; };
		7F2100731ECA2EAD0034A100 /* User.h */ = {isa = PBXFileReference; fileEncoding = 4; lastKnownFileType = sourcecode.c.h; path = User.h; sourceTree = "<group>"; };
		7F2100741ECA2EAD0034A100 /* User.m */ = {isa = PBXFileReference; fileEncoding = 4; lastKnownFileType = sourcecode.c.objc; path = User.m; sourceTree = "<group>"; };
		7F2100781ECA44A20034A100 /* MeetupToken.h */ = {isa = PBXFileReference; lastKnownFileType = sourcecode.c.h; path = MeetupToken.h; sourceTree = "<group>"; };
/* End PBXFileReference section */

/* Begin PBXFrameworksBuildPhase section */
		7F2100501ECA2DD80034A100 /* Frameworks */ = {
			isa = PBXFrameworksBuildPhase;
			buildActionMask = 2147483647;
			files = (
			);
			runOnlyForDeploymentPostprocessing = 0;
		};
/* End PBXFrameworksBuildPhase section */

/* Begin PBXGroup section */
		7F21004A1ECA2DD80034A100 = {
			isa = PBXGroup;
			children = (
				7F2100551ECA2DD80034A100 /* businessTime */,
				7F2100541ECA2DD80034A100 /* Products */,
			);
			sourceTree = "<group>";
		};
		7F2100541ECA2DD80034A100 /* Products */ = {
			isa = PBXGroup;
			children = (
				7F2100531ECA2DD80034A100 /* businessTime.app */,
			);
			name = Products;
			sourceTree = "<group>";
		};
		7F2100551ECA2DD80034A100 /* businessTime */ = {
			isa = PBXGroup;
			children = (
				7F2100721ECA2E4D0034A100 /* Models */,
				7F2100711ECA2E4C0034A100 /* Views */,
				7F2100701ECA2E490034A100 /* Controllers */,
				7F2100621ECA2DD80034A100 /* Assets.xcassets */,
				7F2100671ECA2DD80034A100 /* Info.plist */,
				7F2100561ECA2DD80034A100 /* Supporting Files */,
			);
			path = businessTime;
			sourceTree = "<group>";
		};
		7F2100561ECA2DD80034A100 /* Supporting Files */ = {
			isa = PBXGroup;
			children = (
				7F2100781ECA44A20034A100 /* MeetupToken.h */,
				7F2100571ECA2DD80034A100 /* main.m */,
			);
			name = "Supporting Files";
			sourceTree = "<group>";
		};
		7F2100701ECA2E490034A100 /* Controllers */ = {
			isa = PBXGroup;
			children = (
				7F21006D1ECA2E360034A100 /* HomeViewController.h */,
				7F21006E1ECA2E360034A100 /* HomeViewController.m */,
			);
			name = Controllers;
			sourceTree = "<group>";
		};
		7F2100711ECA2E4C0034A100 /* Views */ = {
			isa = PBXGroup;
			children = (
				7F2100641ECA2DD80034A100 /* LaunchScreen.storyboard */,
				7F21005F1ECA2DD80034A100 /* Main.storyboard */,
			);
			name = Views;
			sourceTree = "<group>";
		};
		7F2100721ECA2E4D0034A100 /* Models */ = {
			isa = PBXGroup;
			children = (
				7F2100591ECA2DD80034A100 /* AppDelegate.h */,
				7F21005A1ECA2DD80034A100 /* AppDelegate.m */,
				7F2100731ECA2EAD0034A100 /* User.h */,
				7F2100741ECA2EAD0034A100 /* User.m */,
			);
			name = Models;
			sourceTree = "<group>";
		};
/* End PBXGroup section */

/* Begin PBXNativeTarget section */
		7F2100521ECA2DD80034A100 /* businessTime */ = {
			isa = PBXNativeTarget;
			buildConfigurationList = 7F21006A1ECA2DD80034A100 /* Build configuration list for PBXNativeTarget "businessTime" */;
			buildPhases = (
				7F21004F1ECA2DD80034A100 /* Sources */,
				7F2100501ECA2DD80034A100 /* Frameworks */,
				7F2100511ECA2DD80034A100 /* Resources */,
			);
			buildRules = (
			);
			dependencies = (
			);
			name = businessTime;
			productName = businessTime;
			productReference = 7F2100531ECA2DD80034A100 /* businessTime.app */;
			productType = "com.apple.product-type.application";
		};
/* End PBXNativeTarget section */

/* Begin PBXProject section */
		7F21004B1ECA2DD80034A100 /* Project object */ = {
			isa = PBXProject;
			attributes = {
				LastUpgradeCheck = 0830;
				ORGANIZATIONNAME = "A Cahn";
				TargetAttributes = {
					7F2100521ECA2DD80034A100 = {
						CreatedOnToolsVersion = 8.3.2;
						DevelopmentTeam = 2E5N5854VJ;
						ProvisioningStyle = Automatic;
					};
				};
			};
			buildConfigurationList = 7F21004E1ECA2DD80034A100 /* Build configuration list for PBXProject "businessTime" */;
			compatibilityVersion = "Xcode 3.2";
			developmentRegion = English;
			hasScannedForEncodings = 0;
			knownRegions = (
				en,
				Base,
			);
			mainGroup = 7F21004A1ECA2DD80034A100;
			productRefGroup = 7F2100541ECA2DD80034A100 /* Products */;
			projectDirPath = "";
			projectRoot = "";
			targets = (
				7F2100521ECA2DD80034A100 /* businessTime */,
			);
		};
/* End PBXProject section */

/* Begin PBXResourcesBuildPhase section */
		7F2100511ECA2DD80034A100 /* Resources */ = {
			isa = PBXResourcesBuildPhase;
			buildActionMask = 2147483647;
			files = (
				7F2100661ECA2DD80034A100 /* LaunchScreen.storyboard in Resources */,
				7F2100631ECA2DD80034A100 /* Assets.xcassets in Resources */,
				7F2100611ECA2DD80034A100 /* Main.storyboard in Resources */,
			);
			runOnlyForDeploymentPostprocessing = 0;
		};
/* End PBXResourcesBuildPhase section */

/* Begin PBXSourcesBuildPhase section */
		7F21004F1ECA2DD80034A100 /* Sources */ = {
			isa = PBXSourcesBuildPhase;
			buildActionMask = 2147483647;
			files = (
				7F2100751ECA2EAD0034A100 /* User.m in Sources */,
				7F21005B1ECA2DD80034A100 /* AppDelegate.m in Sources */,
				7F2100581ECA2DD80034A100 /* main.m in Sources */,
				7F21006F1ECA2E360034A100 /* HomeViewController.m in Sources */,
			);
			runOnlyForDeploymentPostprocessing = 0;
		};
/* End PBXSourcesBuildPhase section */

/* Begin PBXVariantGroup section */
		7F21005F1ECA2DD80034A100 /* Main.storyboard */ = {
			isa = PBXVariantGroup;
			children = (
				7F2100601ECA2DD80034A100 /* Base */,
			);
			name = Main.storyboard;
			sourceTree = "<group>";
		};
		7F2100641ECA2DD80034A100 /* LaunchScreen.storyboard */ = {
			isa = PBXVariantGroup;
			children = (
				7F2100651ECA2DD80034A100 /* Base */,
			);
			name = LaunchScreen.storyboard;
			sourceTree = "<group>";
		};
/* End PBXVariantGroup section */

/* Begin XCBuildConfiguration section */
		7F2100681ECA2DD80034A100 /* Debug */ = {
			isa = XCBuildConfiguration;
			buildSettings = {
				ALWAYS_SEARCH_USER_PATHS = NO;
				CLANG_ANALYZER_NONNULL = YES;
				CLANG_ANALYZER_NUMBER_OBJECT_CONVERSION = YES_AGGRESSIVE;
				CLANG_CXX_LANGUAGE_STANDARD = "gnu++0x";
				CLANG_CXX_LIBRARY = "libc++";
				CLANG_ENABLE_MODULES = YES;
				CLANG_ENABLE_OBJC_ARC = YES;
				CLANG_WARN_BOOL_CONVERSION = YES;
				CLANG_WARN_CONSTANT_CONVERSION = YES;
				CLANG_WARN_DIRECT_OBJC_ISA_USAGE = YES_ERROR;
				CLANG_WARN_DOCUMENTATION_COMMENTS = YES;
				CLANG_WARN_EMPTY_BODY = YES;
				CLANG_WARN_ENUM_CONVERSION = YES;
				CLANG_WARN_INFINITE_RECURSION = YES;
				CLANG_WARN_INT_CONVERSION = YES;
				CLANG_WARN_OBJC_ROOT_CLASS = YES_ERROR;
				CLANG_WARN_SUSPICIOUS_MOVE = YES;
				CLANG_WARN_UNREACHABLE_CODE = YES;
				CLANG_WARN__DUPLICATE_METHOD_MATCH = YES;
				"CODE_SIGN_IDENTITY[sdk=iphoneos*]" = "iPhone Developer";
				COPY_PHASE_STRIP = NO;
				DEBUG_INFORMATION_FORMAT = dwarf;
				ENABLE_STRICT_OBJC_MSGSEND = YES;
				ENABLE_TESTABILITY = YES;
				GCC_C_LANGUAGE_STANDARD = gnu99;
				GCC_DYNAMIC_NO_PIC = NO;
				GCC_NO_COMMON_BLOCKS = YES;
				GCC_OPTIMIZATION_LEVEL = 0;
				GCC_PREPROCESSOR_DEFINITIONS = (
					"DEBUG=1",
					"$(inherited)",
				);
				GCC_WARN_64_TO_32_BIT_CONVERSION = YES;
				GCC_WARN_ABOUT_RETURN_TYPE = YES_ERROR;
				GCC_WARN_UNDECLARED_SELECTOR = YES;
				GCC_WARN_UNINITIALIZED_AUTOS = YES_AGGRESSIVE;
				GCC_WARN_UNUSED_FUNCTION = YES;
				GCC_WARN_UNUSED_VARIABLE = YES;
				IPHONEOS_DEPLOYMENT_TARGET = 10.3;
				MTL_ENABLE_DEBUG_INFO = YES;
				ONLY_ACTIVE_ARCH = YES;
				SDKROOT = iphoneos;
				TARGETED_DEVICE_FAMILY = "1,2";
			};
			name = Debug;
		};
		7F2100691ECA2DD80034A100 /* Release */ = {
			isa = XCBuildConfiguration;
			buildSettings = {
				ALWAYS_SEARCH_USER_PATHS = NO;
				CLANG_ANALYZER_NONNULL = YES;
				CLANG_ANALYZER_NUMBER_OBJECT_CONVERSION = YES_AGGRESSIVE;
				CLANG_CXX_LANGUAGE_STANDARD = "gnu++0x";
				CLANG_CXX_LIBRARY = "libc++";
				CLANG_ENABLE_MODULES = YES;
				CLANG_ENABLE_OBJC_ARC = YES;
				CLANG_WARN_BOOL_CONVERSION = YES;
				CLANG_WARN_CONSTANT_CONVERSION = YES;
				CLANG_WARN_DIRECT_OBJC_ISA_USAGE = YES_ERROR;
				CLANG_WARN_DOCUMENTATION_COMMENTS = YES;
				CLANG_WARN_EMPTY_BODY = YES;
				CLANG_WARN_ENUM_CONVERSION = YES;
				CLANG_WARN_INFINITE_RECURSION = YES;
				CLANG_WARN_INT_CONVERSION = YES;
				CLANG_WARN_OBJC_ROOT_CLASS = YES_ERROR;
				CLANG_WARN_SUSPICIOUS_MOVE = YES;
				CLANG_WARN_UNREACHABLE_CODE = YES;
				CLANG_WARN__DUPLICATE_METHOD_MATCH = YES;
				"CODE_SIGN_IDENTITY[sdk=iphoneos*]" = "iPhone Developer";
				COPY_PHASE_STRIP = NO;
				DEBUG_INFORMATION_FORMAT = "dwarf-with-dsym";
				ENABLE_NS_ASSERTIONS = NO;
				ENABLE_STRICT_OBJC_MSGSEND = YES;
				GCC_C_LANGUAGE_STANDARD = gnu99;
				GCC_NO_COMMON_BLOCKS = YES;
				GCC_WARN_64_TO_32_BIT_CONVERSION = YES;
				GCC_WARN_ABOUT_RETURN_TYPE = YES_ERROR;
				GCC_WARN_UNDECLARED_SELECTOR = YES;
				GCC_WARN_UNINITIALIZED_AUTOS = YES_AGGRESSIVE;
				GCC_WARN_UNUSED_FUNCTION = YES;
				GCC_WARN_UNUSED_VARIABLE = YES;
				IPHONEOS_DEPLOYMENT_TARGET = 10.3;
				MTL_ENABLE_DEBUG_INFO = NO;
				SDKROOT = iphoneos;
				TARGETED_DEVICE_FAMILY = "1,2";
				VALIDATE_PRODUCT = YES;
			};
			name = Release;
		};
		7F21006B1ECA2DD80034A100 /* Debug */ = {
			isa = XCBuildConfiguration;
			buildSettings = {
				ASSETCATALOG_COMPILER_APPICON_NAME = AppIcon;
				DEVELOPMENT_TEAM = 2E5N5854VJ;
				INFOPLIST_FILE = businessTime/Info.plist;
				LD_RUNPATH_SEARCH_PATHS = "$(inherited) @executable_path/Frameworks";
				PRODUCT_BUNDLE_IDENTIFIER = com.alexcahn.businessTime;
				PRODUCT_NAME = "$(TARGET_NAME)";
			};
			name = Debug;
		};
		7F21006C1ECA2DD80034A100 /* Release */ = {
			isa = XCBuildConfiguration;
			buildSettings = {
				ASSETCATALOG_COMPILER_APPICON_NAME = AppIcon;
				DEVELOPMENT_TEAM = 2E5N5854VJ;
				INFOPLIST_FILE = businessTime/Info.plist;
				LD_RUNPATH_SEARCH_PATHS = "$(inherited) @executable_path/Frameworks";
				PRODUCT_BUNDLE_IDENTIFIER = com.alexcahn.businessTime;
				PRODUCT_NAME = "$(TARGET_NAME)";
			};
			name = Release;
		};
/* End XCBuildConfiguration section */

/* Begin XCConfigurationList section */
		7F21004E1ECA2DD80034A100 /* Build configuration list for PBXProject "businessTime" */ = {
			isa = XCConfigurationList;
			buildConfigurations = (
				7F2100681ECA2DD80034A100 /* Debug */,
				7F2100691ECA2DD80034A100 /* Release */,
			);
			defaultConfigurationIsVisible = 0;
			defaultConfigurationName = Release;
		};
		7F21006A1ECA2DD80034A100 /* Build configuration list for PBXNativeTarget "businessTime" */ = {
			isa = XCConfigurationList;
			buildConfigurations = (
				7F21006B1ECA2DD80034A100 /* Debug */,
				7F21006C1ECA2DD80034A100 /* Release */,
			);
			defaultConfigurationIsVisible = 0;
		};
/* End XCConfigurationList section */
	};
	rootObject = 7F21004B1ECA2DD80034A100 /* Project object */;
}
